
Microsoft Visual Studio Solution File, Format Version 12.00
# Visual Studio Version 16
VisualStudioVersion = 16.0.34031.81
MinimumVisualStudioVersion = 10.0.40219.1
Project("{FAE04EC0-301F-11D3-BF4B-00C04F79EFBC}") = "QGate_system", "QGate_system\QGate_system.csproj", "{CE0E25DE-4027-4422-913E-2B31FDC9A073}"
EndProject
Project("{2150E333-8FDC-42A3-9474-1A3956D46DE8}") = "Solution Items", "Solution Items", "{0C7AAC1D-5008-43D1-98EA-25BEC2B508A7}"
	ProjectSection(SolutionItems) = preProject
		image\3.png = image\3.png
	EndProjectSection
EndProject
Project("{54435603-DBB4-11D2-8724-00A0C9A8B90C}") = "Qgatesys", "Setup3\Setup3.vdproj", "{4C3F31DF-BB74-4D5E-B4A8-C5CA2576CA9D}"
EndProject
Project("{54435603-DBB4-11D2-8724-00A0C9A8B90C}") = "Setup Qgate", "Setup Qgate\Setup Qgate.vdproj", "{CEB8B8F7-0A46-418E-8752-B3B0EE26BBCC}"
EndProject
Global
	GlobalSection(SolutionConfigurationPlatforms) = preSolution
		Debug|Any CPU = Debug|Any CPU
		Release|Any CPU = Release|Any CPU
	EndGlobalSection
	GlobalSection(ProjectConfigurationPlatforms) = postSolution
		{CE0E25DE-4027-4422-913E-2B31FDC9A073}.Debug|Any CPU.ActiveCfg = Debug|Any CPU
		{CE0E25DE-4027-4422-913E-2B31FDC9A073}.Debug|Any CPU.Build.0 = Debug|Any CPU
		{CE0E25DE-4027-4422-913E-2B31FDC9A073}.Release|Any CPU.ActiveCfg = Release|Any CPU
		{CE0E25DE-4027-4422-913E-2B31FDC9A073}.Release|Any CPU.Build.0 = Release|Any CPU
		{4C3F31DF-BB74-4D5E-B4A8-C5CA2576CA9D}.Debug|Any CPU.ActiveCfg = Debug
		{4C3F31DF-BB74-4D5E-B4A8-C5CA2576CA9D}.Release|Any CPU.ActiveCfg = Release
		{CEB8B8F7-0A46-418E-8752-B3B0EE26BBCC}.Debug|Any CPU.ActiveCfg = Debug
		{CEB8B8F7-0A46-418E-8752-B3B0EE26BBCC}.Release|Any CPU.ActiveCfg = Release
	EndGlobalSection
	GlobalSection(SolutionProperties) = preSolution
		HideSolutionNode = FALSE
	EndGlobalSection
	GlobalSection(ExtensibilityGlobals) = postSolution
		SolutionGuid = {0EAFCA2A-C334-4BB2-A661-ADC01BE31886}
	EndGlobalSection
EndGlobal
